
Microsoft Visual Studio Solution File, Format Version 12.00
Project("{FAE04EC0-301F-11D3-BF4B-00C04F79EFBC}") = "ARKTexColorization", "ARKTexColorization\ARKTexColorization.csproj", "{4A2512EE-D865-4BA0-BEF0-250E6993E342}"
EndProject
Global
	GlobalSection(SolutionConfigurationPlatforms) = preSolution
		Debug|Any CPU = Debug|Any CPU
		Release|Any CPU = Release|Any CPU
	EndGlobalSection
	GlobalSection(ProjectConfigurationPlatforms) = postSolution
		{4A2512EE-D865-4BA0-BEF0-250E6993E342}.Debug|Any CPU.ActiveCfg = Debug|Any CPU
		{4A2512EE-D865-4BA0-BEF0-250E6993E342}.Debug|Any CPU.Build.0 = Debug|Any CPU
		{4A2512EE-D865-4BA0-BEF0-250E6993E342}.Release|Any CPU.ActiveCfg = Release|Any CPU
		{4A2512EE-D865-4BA0-BEF0-250E6993E342}.Release|Any CPU.Build.0 = Release|Any CPU
	EndGlobalSection
EndGlobal
